
Microsoft Visual Studio Solution File, Format Version 12.00
# Visual Studio Version 17
VisualStudioVersion = 17.14.36804.6 d17.14
MinimumVisualStudioVersion = 10.0.40219.1
Project("{FAE04EC0-301F-11D3-BF4B-00C04F79EFBC}") = "IvanMovieCatalogExam2026", "IvanMovieCatalogExam2026\IvanMovieCatalogExam2026.csproj", "{FB49E99B-2265-4554-9AF8-525442C082EC}"
EndProject
Global
	GlobalSection(SolutionConfigurationPlatforms) = preSolution
		Debug|Any CPU = Debug|Any CPU
		Release|Any CPU = Release|Any CPU
	EndGlobalSection
	GlobalSection(ProjectConfigurationPlatforms) = postSolution
		{FB49E99B-2265-4554-9AF8-525442C082EC}.Debug|Any CPU.ActiveCfg = Debug|Any CPU
		{FB49E99B-2265-4554-9AF8-525442C082EC}.Debug|Any CPU.Build.0 = Debug|Any CPU
		{FB49E99B-2265-4554-9AF8-525442C082EC}.Release|Any CPU.ActiveCfg = Release|Any CPU
		{FB49E99B-2265-4554-9AF8-525442C082EC}.Release|Any CPU.Build.0 = Release|Any CPU
	EndGlobalSection
	GlobalSection(SolutionProperties) = preSolution
		HideSolutionNode = FALSE
	EndGlobalSection
	GlobalSection(ExtensibilityGlobals) = postSolution
		SolutionGuid = {17391BC7-BF2E-4C60-9F4C-393547598A4B}
	EndGlobalSection
EndGlobal
